
Microsoft Visual Studio Solution File, Format Version 12.00
# Visual Studio Version 16
VisualStudioVersion = 16.0.29418.71
MinimumVisualStudioVersion = 10.0.40219.1
Project("{FAE04EC0-301F-11D3-BF4B-00C04F79EFBC}") = "App73", "App73\App73.csproj", "{54FD2ACA-85C4-4E7A-84E3-228368BBC156}"
EndProject
Global
	GlobalSection(SolutionConfigurationPlatforms) = preSolution
		Debug|iPhone = Debug|iPhone
		Debug|iPhoneSimulator = Debug|iPhoneSimulator
		Release|iPhone = Release|iPhone
		Release|iPhoneSimulator = Release|iPhoneSimulator
	EndGlobalSection
	GlobalSection(ProjectConfigurationPlatforms) = postSolution
		{54FD2ACA-85C4-4E7A-84E3-228368BBC156}.Debug|iPhone.ActiveCfg = Debug|iPhone
		{54FD2ACA-85C4-4E7A-84E3-228368BBC156}.Debug|iPhone.Build.0 = Debug|iPhone
		{54FD2ACA-85C4-4E7A-84E3-228368BBC156}.Debug|iPhone.Deploy.0 = Debug|iPhone
		{54FD2ACA-85C4-4E7A-84E3-228368BBC156}.Debug|iPhoneSimulator.ActiveCfg = Debug|iPhoneSimulator
		{54FD2ACA-85C4-4E7A-84E3-228368BBC156}.Debug|iPhoneSimulator.Build.0 = Debug|iPhoneSimulator
		{54FD2ACA-85C4-4E7A-84E3-228368BBC156}.Debug|iPhoneSimulator.Deploy.0 = Debug|iPhoneSimulator
		{54FD2ACA-85C4-4E7A-84E3-228368BBC156}.Release|iPhone.ActiveCfg = Release|iPhone
		{54FD2ACA-85C4-4E7A-84E3-228368BBC156}.Release|iPhone.Build.0 = Release|iPhone
		{54FD2ACA-85C4-4E7A-84E3-228368BBC156}.Release|iPhone.Deploy.0 = Release|iPhone
		{54FD2ACA-85C4-4E7A-84E3-228368BBC156}.Release|iPhoneSimulator.ActiveCfg = Release|iPhoneSimulator
		{54FD2ACA-85C4-4E7A-84E3-228368BBC156}.Release|iPhoneSimulator.Build.0 = Release|iPhoneSimulator
		{54FD2ACA-85C4-4E7A-84E3-228368BBC156}.Release|iPhoneSimulator.Deploy.0 = Release|iPhoneSimulator
	EndGlobalSection
	GlobalSection(SolutionProperties) = preSolution
		HideSolutionNode = FALSE
	EndGlobalSection
	GlobalSection(ExtensibilityGlobals) = postSolution
		SolutionGuid = {DC9B018E-6F64-499A-B65E-7D009239D525}
	EndGlobalSection
EndGlobal
